{
  "name": "ags",
  "lockfileVersion": 3,
  "requires": true,
  "packages": {
    "": {
      "dependencies": {
        "ags": "*",
        "gnim": "*",
        "sysinfo": "^0.0.1"
      },
      "devDependencies": {
        "@types/systeminformation": "^3.23.1"
      }
    },
    "../../../../nix/store/v0b4dicwhfpik4qp689n6hd6inx8c564-ags-js-lib": {
      "name": "ags",
      "version": "3.0.0",
      "license": "LGPL-2.1",
      "os": [
        "linux"
      ],
      "devDependencies": {
        "@eslint/js": "latest",
        "eslint": "latest",
        "typescript": "latest",
        "typescript-eslint": "latest"
      },
      "engines": {
        "gjs": ">=1.79.0"
      },
      "funding": {
        "type": "kofi",
        "url": "https://ko-fi.com/aylur"
      },
      "peerDependencies": {
        "gnim": "^1.5.5"
      }
    },
    "../../../../nix/store/v0b4dicwhfpik4qp689n6hd6inx8c564-ags-js-lib/node_modules/gnim": {
      "version": "1.5.5",
      "license": "MIT",
      "engines": {
        "gjs": ">=1.79.0"
      },
      "funding": {
        "type": "kofi",
        "url": "https://ko-fi.com/aylur"
      }
    },
    "node_modules/@types/systeminformation": {
      "version": "3.23.1",
      "resolved": "https://registry.npmjs.org/@types/systeminformation/-/systeminformation-3.23.1.tgz",
      "integrity": "sha512-0/y5m3PQLhQL7UM8MEvwFuLoTT6k5bamcZyjap12S0iHb33ngKfDDqCSnIaCaKWvRE41R/9BsZov1aE6hvcpEg==",
      "dev": true,
      "license": "MIT"
    },
    "node_modules/ags": {
      "resolved": "../../../../nix/store/v0b4dicwhfpik4qp689n6hd6inx8c564-ags-js-lib",
      "link": true
    },
    "node_modules/gnim": {
      "resolved": "../../../../nix/store/v0b4dicwhfpik4qp689n6hd6inx8c564-ags-js-lib/node_modules/gnim",
      "link": true
    },
    "node_modules/sysinfo": {
      "version": "0.0.1",
      "resolved": "https://registry.npmjs.org/sysinfo/-/sysinfo-0.0.1.tgz",
      "integrity": "sha512-CCFWB19f2377WaSzuvMFqqxiiDcYgZtx7/E1nXDcYC6sQEp1BlPlvdjnRHTvwBBV+nU1RWQ9DS5ZGLuSzTVt4g==",
      "license": "MIT",
      "engines": {
        "node": ">= 0.6.18"
      }
    }
  }
}
